Microsoft Visual Studio Solution File, Format Version 12.00
# Visual Studio Version 16
VisualStudioVersion = 16.0.29920.165
MinimumVisualStudioVersion = 15.0.26124.0

Project("{D954291E-2A0B-460D-934E-DC6B0785DB48}") = "UnoHelloLinux.Shared", "UnoHelloLinux.Shared\UnoHelloLinux.Shared.shproj", "{6279C845-92F8-4333-AB99-3D213163593C}"
EndProject

Project("{FAE04EC0-301F-11D3-BF4B-00C04F79EFBC}") = "UnoHelloLinux.Mobile", "UnoHelloLinux.Mobile\UnoHelloLinux.Mobile.csproj", "{A50B2936-BC9C-4A65-B157-5729E7337F7C}"
EndProject

Project("{9A19103F-16F7-4668-BE54-9A1E7A4F7556}") = "UnoHelloLinux.Wasm", "UnoHelloLinux.Wasm\UnoHelloLinux.Wasm.csproj", "{40EA03F7-8A22-4143-B251-79BAC3EB13D2}"
EndProject

Project("{9A19103F-16F7-4668-BE54-9A1E7A4F7556}") = "UnoHelloLinux.Skia.Gtk", "UnoHelloLinux.Skia.Gtk\UnoHelloLinux.Skia.Gtk.csproj", "{A5B8155A-118F-4794-B551-C6F3CF7E5411}"
EndProject

Project("{9A19103F-16F7-4668-BE54-9A1E7A4F7556}") = "UnoHelloLinux.Skia.WPF", "UnoHelloLinux.Skia.WPF\UnoHelloLinux.Skia.WPF.csproj", "{F34071B6-58EC-46EA-BF29-0395747986FC}"
EndProject

Project("{9A19103F-16F7-4668-BE54-9A1E7A4F7556}") = "UnoHelloLinux.Windows", "UnoHelloLinux.Windows\UnoHelloLinux.Windows.csproj", "{1AA13270-F438-4864-9435-54FD806E10EA}"
EndProject

Project("{9A19103F-16F7-4668-BE54-9A1E7A4F7556}") = "UnoHelloLinux.Skia.Linux.FrameBuffer", "UnoHelloLinux.Skia.Linux.FrameBuffer\UnoHelloLinux.Skia.Linux.FrameBuffer.csproj", "{761D821E-9905-4444-9ADF-76C995FE5427}"
EndProject

Global
	GlobalSection(SharedMSBuildProjectFiles) = preSolution
		UnoHelloLinux.Shared\UnoHelloLinux.Shared.projitems*{1aa13270-f438-4864-9435-54fd806e10ea}*SharedItemsImports = 5
		UnoHelloLinux.Shared\UnoHelloLinux.Shared.projitems*{D69C6730-7BA9-413E-97D5-34E9CC055AA1}*SharedItemsImports = 4
		UnoHelloLinux.Shared\UnoHelloLinux.Shared.projitems*{40ea03f7-8a22-4143-b251-79bac3eb13d2}*SharedItemsImports = 5
		UnoHelloLinux.Shared\UnoHelloLinux.Shared.projitems*{F34071B6-58EC-46EA-BF29-0395747986FC}*SharedItemsImports = 5
		UnoHelloLinux.Shared\UnoHelloLinux.Shared.projitems*{6279c845-92f8-4333-ab99-3d213163593c}*SharedItemsImports = 13
		UnoHelloLinux.Shared\UnoHelloLinux.Shared.projitems*{519A8230-12B9-4173-BA51-93F0DFD7BFC6}*SharedItemsImports = 4
		UnoHelloLinux.Shared\UnoHelloLinux.Shared.projitems*{63202A4D-D986-40FF-87F5-518AEA1BCC07}*SharedItemsImports = 4
		UnoHelloLinux.Shared\UnoHelloLinux.Shared.projitems*{a5b8155a-118f-4794-b551-c6f3cf7e5411}*SharedItemsImports = 5
		UnoHelloLinux.Shared\UnoHelloLinux.Shared.projitems*{A50B2936-BC9C-4A65-B157-5729E7337F7C}*SharedItemsImports = 4
	EndGlobalSection
	GlobalSection(SolutionConfigurationPlatforms) = preSolution
		Debug|Any CPU = Debug|Any CPU
		Debug|ARM = Debug|ARM
		Debug|ARM64 = Debug|ARM64
		Debug|iPhone = Debug|iPhone
		Debug|iPhoneSimulator = Debug|iPhoneSimulator
		Debug|x64 = Debug|x64
		Debug|x86 = Debug|x86
		Release|Any CPU = Release|Any CPU
		Release|ARM = Release|ARM
		Release|ARM64 = Release|ARM64
		Release|iPhone = Release|iPhone
		Release|iPhoneSimulator = Release|iPhoneSimulator
		Release|x64 = Release|x64
		Release|x86 = Release|x86
	EndGlobalSection
	GlobalSection(ProjectConfigurationPlatforms) = postSolution
		{A50B2936-BC9C-4A65-B157-5729E7337F7C}.Debug|Any CPU.ActiveCfg = Debug|Any CPU
		{A50B2936-BC9C-4A65-B157-5729E7337F7C}.Debug|Any CPU.Build.0 = Debug|Any CPU
		{A50B2936-BC9C-4A65-B157-5729E7337F7C}.Debug|Any CPU.Deploy.0 = Debug|Any CPU
		{A50B2936-BC9C-4A65-B157-5729E7337F7C}.Debug|ARM.ActiveCfg = Debug|Any CPU
		{A50B2936-BC9C-4A65-B157-5729E7337F7C}.Debug|ARM.Build.0 = Debug|Any CPU
		{A50B2936-BC9C-4A65-B157-5729E7337F7C}.Debug|ARM.Deploy.0 = Debug|Any CPU
		{A50B2936-BC9C-4A65-B157-5729E7337F7C}.Debug|ARM64.ActiveCfg = Debug|Any CPU
		{A50B2936-BC9C-4A65-B157-5729E7337F7C}.Debug|ARM64.Build.0 = Debug|Any CPU
		{A50B2936-BC9C-4A65-B157-5729E7337F7C}.Debug|ARM64.Deploy.0 = Debug|Any CPU
		{A50B2936-BC9C-4A65-B157-5729E7337F7C}.Debug|iPhone.ActiveCfg = Debug|Any CPU
		{A50B2936-BC9C-4A65-B157-5729E7337F7C}.Debug|iPhone.Build.0 = Debug|Any CPU
		{A50B2936-BC9C-4A65-B157-5729E7337F7C}.Debug|iPhone.Deploy.0 = Debug|Any CPU
		{A50B2936-BC9C-4A65-B157-5729E7337F7C}.Debug|iPhoneSimulator.ActiveCfg = Debug|Any CPU
		{A50B2936-BC9C-4A65-B157-5729E7337F7C}.Debug|iPhoneSimulator.Build.0 = Debug|Any CPU
		{A50B2936-BC9C-4A65-B157-5729E7337F7C}.Debug|iPhoneSimulator.Deploy.0 = Debug|Any CPU
		{A50B2936-BC9C-4A65-B157-5729E7337F7C}.Debug|x64.ActiveCfg = Debug|Any CPU
		{A50B2936-BC9C-4A65-B157-5729E7337F7C}.Debug|x64.Build.0 = Debug|Any CPU
		{A50B2936-BC9C-4A65-B157-5729E7337F7C}.Debug|x64.Deploy.0 = Debug|Any CPU
		{A50B2936-BC9C-4A65-B157-5729E7337F7C}.Debug|x86.ActiveCfg = Debug|Any CPU
		{A50B2936-BC9C-4A65-B157-5729E7337F7C}.Debug|x86.Build.0 = Debug|Any CPU
		{A50B2936-BC9C-4A65-B157-5729E7337F7C}.Debug|x86.Deploy.0 = Debug|Any CPU

		{A50B2936-BC9C-4A65-B157-5729E7337F7C}.Release|Any CPU.ActiveCfg = Release|Any CPU
		{A50B2936-BC9C-4A65-B157-5729E7337F7C}.Release|Any CPU.Build.0 = Release|Any CPU
		{A50B2936-BC9C-4A65-B157-5729E7337F7C}.Release|Any CPU.Deploy.0 = Release|Any CPU
		{A50B2936-BC9C-4A65-B157-5729E7337F7C}.Release|ARM.ActiveCfg = Release|Any CPU
		{A50B2936-BC9C-4A65-B157-5729E7337F7C}.Release|ARM.Build.0 = Release|Any CPU
		{A50B2936-BC9C-4A65-B157-5729E7337F7C}.Release|ARM.Deploy.0 = Release|Any CPU
		{A50B2936-BC9C-4A65-B157-5729E7337F7C}.Release|ARM64.ActiveCfg = Release|Any CPU
		{A50B2936-BC9C-4A65-B157-5729E7337F7C}.Release|ARM64.Build.0 = Release|Any CPU
		{A50B2936-BC9C-4A65-B157-5729E7337F7C}.Release|ARM64.Deploy.0 = Release|Any CPU
		{A50B2936-BC9C-4A65-B157-5729E7337F7C}.Release|iPhone.ActiveCfg = Release|Any CPU
		{A50B2936-BC9C-4A65-B157-5729E7337F7C}.Release|iPhone.Build.0 = Release|Any CPU
		{A50B2936-BC9C-4A65-B157-5729E7337F7C}.Release|iPhone.Deploy.0 = Release|Any CPU
		{A50B2936-BC9C-4A65-B157-5729E7337F7C}.Release|iPhoneSimulator.ActiveCfg = Release|Any CPU
		{A50B2936-BC9C-4A65-B157-5729E7337F7C}.Release|iPhoneSimulator.Build.0 = Release|Any CPU
		{A50B2936-BC9C-4A65-B157-5729E7337F7C}.Release|iPhoneSimulator.Deploy.0 = Release|Any CPU
		{A50B2936-BC9C-4A65-B157-5729E7337F7C}.Release|x64.ActiveCfg = Release|Any CPU
		{A50B2936-BC9C-4A65-B157-5729E7337F7C}.Release|x64.Build.0 = Release|Any CPU
		{A50B2936-BC9C-4A65-B157-5729E7337F7C}.Release|x64.Deploy.0 = Release|Any CPU
		{A50B2936-BC9C-4A65-B157-5729E7337F7C}.Release|x86.ActiveCfg = Release|Any CPU
		{A50B2936-BC9C-4A65-B157-5729E7337F7C}.Release|x86.Build.0 = Release|Any CPU
		{A50B2936-BC9C-4A65-B157-5729E7337F7C}.Release|x86.Deploy.0 = Release|Any CPU
		{63202A4D-D986-40FF-87F5-518AEA1BCC07}.Debug|Any CPU.ActiveCfg = Debug|iPhone
		{63202A4D-D986-40FF-87F5-518AEA1BCC07}.Debug|Any CPU.Build.0 = Debug|iPhone
		{63202A4D-D986-40FF-87F5-518AEA1BCC07}.Debug|Any CPU.Deploy.0 = Debug|iPhone
		{63202A4D-D986-40FF-87F5-518AEA1BCC07}.Debug|ARM.ActiveCfg = Debug|iPhone
		{63202A4D-D986-40FF-87F5-518AEA1BCC07}.Debug|ARM64.ActiveCfg = Debug|iPhone
		{63202A4D-D986-40FF-87F5-518AEA1BCC07}.Debug|iPhone.ActiveCfg = Debug|iPhone
		{63202A4D-D986-40FF-87F5-518AEA1BCC07}.Debug|iPhone.Build.0 = Debug|iPhone
		{63202A4D-D986-40FF-87F5-518AEA1BCC07}.Debug|iPhoneSimulator.ActiveCfg = Debug|iPhoneSimulator
		{63202A4D-D986-40FF-87F5-518AEA1BCC07}.Debug|iPhoneSimulator.Build.0 = Debug|iPhoneSimulator
		{63202A4D-D986-40FF-87F5-518AEA1BCC07}.Debug|x64.ActiveCfg = Debug|iPhone
		{63202A4D-D986-40FF-87F5-518AEA1BCC07}.Debug|x64.Build.0 = Debug|iPhone
		{63202A4D-D986-40FF-87F5-518AEA1BCC07}.Debug|x64.Deploy.0 = Debug|iPhone
		{63202A4D-D986-40FF-87F5-518AEA1BCC07}.Debug|x86.ActiveCfg = Debug|iPhoneSimulator
		{63202A4D-D986-40FF-87F5-518AEA1BCC07}.Debug|x86.Build.0 = Debug|iPhoneSimulator
		{63202A4D-D986-40FF-87F5-518AEA1BCC07}.Debug|x86.Deploy.0 = Debug|iPhoneSimulator
		{63202A4D-D986-40FF-87F5-518AEA1BCC07}.Release|Any CPU.ActiveCfg = Release|iPhone
		{63202A4D-D986-40FF-87F5-518AEA1BCC07}.Release|ARM.ActiveCfg = Release|iPhone
		{63202A4D-D986-40FF-87F5-518AEA1BCC07}.Release|ARM64.ActiveCfg = Release|iPhone
		{63202A4D-D986-40FF-87F5-518AEA1BCC07}.Release|iPhone.ActiveCfg = Release|iPhone
		{63202A4D-D986-40FF-87F5-518AEA1BCC07}.Release|iPhone.Build.0 = Release|iPhone
		{63202A4D-D986-40FF-87F5-518AEA1BCC07}.Release|iPhoneSimulator.ActiveCfg = Release|iPhoneSimulator
		{63202A4D-D986-40FF-87F5-518AEA1BCC07}.Release|iPhoneSimulator.Build.0 = Release|iPhoneSimulator
		{63202A4D-D986-40FF-87F5-518AEA1BCC07}.Release|x64.ActiveCfg = Release|iPhoneSimulator
		{63202A4D-D986-40FF-87F5-518AEA1BCC07}.Release|x64.Build.0 = Release|iPhoneSimulator
		{63202A4D-D986-40FF-87F5-518AEA1BCC07}.Release|x64.Deploy.0 = Release|iPhoneSimulator
		{63202A4D-D986-40FF-87F5-518AEA1BCC07}.Release|x86.ActiveCfg = Release|iPhoneSimulator
		{63202A4D-D986-40FF-87F5-518AEA1BCC07}.Release|x86.Build.0 = Release|iPhoneSimulator

		{519A8230-12B9-4173-BA51-93F0DFD7BFC6}.Debug|Any CPU.ActiveCfg = Debug|x86
		{519A8230-12B9-4173-BA51-93F0DFD7BFC6}.Debug|Any CPU.Build.0 = Debug|x86
		{519A8230-12B9-4173-BA51-93F0DFD7BFC6}.Debug|Any CPU.Deploy.0 = Debug|x86
		{519A8230-12B9-4173-BA51-93F0DFD7BFC6}.Debug|ARM.ActiveCfg = Debug|ARM
		{519A8230-12B9-4173-BA51-93F0DFD7BFC6}.Debug|ARM.Build.0 = Debug|ARM
		{519A8230-12B9-4173-BA51-93F0DFD7BFC6}.Debug|ARM.Deploy.0 = Debug|ARM
		{519A8230-12B9-4173-BA51-93F0DFD7BFC6}.Debug|ARM64.ActiveCfg = Debug|ARM64
		{519A8230-12B9-4173-BA51-93F0DFD7BFC6}.Debug|ARM64.Build.0 = Debug|ARM64
		{519A8230-12B9-4173-BA51-93F0DFD7BFC6}.Debug|ARM64.Deploy.0 = Debug|ARM64
		{519A8230-12B9-4173-BA51-93F0DFD7BFC6}.Debug|iPhone.ActiveCfg = Debug|x86
		{519A8230-12B9-4173-BA51-93F0DFD7BFC6}.Debug|iPhone.Build.0 = Debug|x86
		{519A8230-12B9-4173-BA51-93F0DFD7BFC6}.Debug|iPhone.Deploy.0 = Debug|x86
		{519A8230-12B9-4173-BA51-93F0DFD7BFC6}.Debug|iPhoneSimulator.ActiveCfg = Debug|x86
		{519A8230-12B9-4173-BA51-93F0DFD7BFC6}.Debug|iPhoneSimulator.Build.0 = Debug|x86
		{519A8230-12B9-4173-BA51-93F0DFD7BFC6}.Debug|iPhoneSimulator.Deploy.0 = Debug|x86
		{519A8230-12B9-4173-BA51-93F0DFD7BFC6}.Debug|x64.ActiveCfg = Debug|x64
		{519A8230-12B9-4173-BA51-93F0DFD7BFC6}.Debug|x64.Build.0 = Debug|x64
		{519A8230-12B9-4173-BA51-93F0DFD7BFC6}.Debug|x64.Deploy.0 = Debug|x64
		{519A8230-12B9-4173-BA51-93F0DFD7BFC6}.Debug|x86.ActiveCfg = Debug|x86
		{519A8230-12B9-4173-BA51-93F0DFD7BFC6}.Debug|x86.Build.0 = Debug|x86
		{519A8230-12B9-4173-BA51-93F0DFD7BFC6}.Debug|x86.Deploy.0 = Debug|x86
		{519A8230-12B9-4173-BA51-93F0DFD7BFC6}.Release|Any CPU.ActiveCfg = Release|x86
		{519A8230-12B9-4173-BA51-93F0DFD7BFC6}.Release|ARM.ActiveCfg = Release|ARM
		{519A8230-12B9-4173-BA51-93F0DFD7BFC6}.Release|ARM.Build.0 = Release|ARM
		{519A8230-12B9-4173-BA51-93F0DFD7BFC6}.Release|ARM.Deploy.0 = Release|ARM
		{519A8230-12B9-4173-BA51-93F0DFD7BFC6}.Release|ARM64.ActiveCfg = Release|ARM64
		{519A8230-12B9-4173-BA51-93F0DFD7BFC6}.Release|ARM64.Build.0 = Release|ARM64
		{519A8230-12B9-4173-BA51-93F0DFD7BFC6}.Release|ARM64.Deploy.0 = Release|ARM64
		{519A8230-12B9-4173-BA51-93F0DFD7BFC6}.Release|iPhone.ActiveCfg = Release|x86
		{519A8230-12B9-4173-BA51-93F0DFD7BFC6}.Release|iPhone.Build.0 = Release|x86
		{519A8230-12B9-4173-BA51-93F0DFD7BFC6}.Release|iPhoneSimulator.ActiveCfg = Release|x86
		{519A8230-12B9-4173-BA51-93F0DFD7BFC6}.Release|iPhoneSimulator.Build.0 = Release|x86
		{519A8230-12B9-4173-BA51-93F0DFD7BFC6}.Release|iPhoneSimulator.Deploy.0 = Release|x86
		{519A8230-12B9-4173-BA51-93F0DFD7BFC6}.Release|x64.ActiveCfg = Release|x64
		{519A8230-12B9-4173-BA51-93F0DFD7BFC6}.Release|x64.Build.0 = Release|x64
		{519A8230-12B9-4173-BA51-93F0DFD7BFC6}.Release|x64.Deploy.0 = Release|x64
		{519A8230-12B9-4173-BA51-93F0DFD7BFC6}.Release|x86.ActiveCfg = Release|x86
		{519A8230-12B9-4173-BA51-93F0DFD7BFC6}.Release|x86.Build.0 = Release|x86
		{519A8230-12B9-4173-BA51-93F0DFD7BFC6}.Release|x86.Deploy.0 = Release|x86

		{F34071B6-58EC-46EA-BF29-0395747986FC}.Debug|Any CPU.ActiveCfg = Debug|Any CPU
		{F34071B6-58EC-46EA-BF29-0395747986FC}.Debug|Any CPU.Build.0 = Debug|Any CPU
		{F34071B6-58EC-46EA-BF29-0395747986FC}.Debug|Any CPU.Deploy.0 = Debug|Any CPU
		{F34071B6-58EC-46EA-BF29-0395747986FC}.Debug|ARM.ActiveCfg = Debug|Any CPU
		{F34071B6-58EC-46EA-BF29-0395747986FC}.Debug|ARM.Build.0 = Debug|Any CPU
		{F34071B6-58EC-46EA-BF29-0395747986FC}.Debug|ARM.Deploy.0 = Debug|Any CPU
		{F34071B6-58EC-46EA-BF29-0395747986FC}.Debug|ARM64.ActiveCfg = Debug|Any CPU
		{F34071B6-58EC-46EA-BF29-0395747986FC}.Debug|ARM64.Build.0 = Debug|Any CPU
		{F34071B6-58EC-46EA-BF29-0395747986FC}.Debug|ARM64.Deploy.0 = Debug|Any CPU
		{F34071B6-58EC-46EA-BF29-0395747986FC}.Debug|iPhone.ActiveCfg = Debug|Any CPU
		{F34071B6-58EC-46EA-BF29-0395747986FC}.Debug|iPhone.Build.0 = Debug|Any CPU
		{F34071B6-58EC-46EA-BF29-0395747986FC}.Debug|iPhone.Deploy.0 = Debug|Any CPU
		{F34071B6-58EC-46EA-BF29-0395747986FC}.Debug|iPhoneSimulator.ActiveCfg = Debug|Any CPU
		{F34071B6-58EC-46EA-BF29-0395747986FC}.Debug|iPhoneSimulator.Build.0 = Debug|Any CPU
		{F34071B6-58EC-46EA-BF29-0395747986FC}.Debug|iPhoneSimulator.Deploy.0 = Debug|Any CPU
		{F34071B6-58EC-46EA-BF29-0395747986FC}.Debug|x64.ActiveCfg = Debug|Any CPU
		{F34071B6-58EC-46EA-BF29-0395747986FC}.Debug|x64.Build.0 = Debug|Any CPU
		{F34071B6-58EC-46EA-BF29-0395747986FC}.Debug|x64.Deploy.0 = Debug|Any CPU
		{F34071B6-58EC-46EA-BF29-0395747986FC}.Debug|x86.ActiveCfg = Debug|Any CPU
		{F34071B6-58EC-46EA-BF29-0395747986FC}.Debug|x86.Build.0 = Debug|Any CPU
		{F34071B6-58EC-46EA-BF29-0395747986FC}.Debug|x86.Deploy.0 = Debug|Any CPU
		{F34071B6-58EC-46EA-BF29-0395747986FC}.Release|Any CPU.ActiveCfg = Release|Any CPU
		{F34071B6-58EC-46EA-BF29-0395747986FC}.Release|Any CPU.Build.0 = Release|Any CPU
		{F34071B6-58EC-46EA-BF29-0395747986FC}.Release|ARM.ActiveCfg = Release|Any CPU
		{F34071B6-58EC-46EA-BF29-0395747986FC}.Release|ARM.Build.0 = Release|Any CPU
		{F34071B6-58EC-46EA-BF29-0395747986FC}.Release|ARM.Deploy.0 = Release|Any CPU
		{F34071B6-58EC-46EA-BF29-0395747986FC}.Release|ARM64.ActiveCfg = Release|Any CPU
		{F34071B6-58EC-46EA-BF29-0395747986FC}.Release|ARM64.Build.0 = Release|Any CPU
		{F34071B6-58EC-46EA-BF29-0395747986FC}.Release|ARM64.Deploy.0 = Release|Any CPU
		{F34071B6-58EC-46EA-BF29-0395747986FC}.Release|iPhone.ActiveCfg = Release|Any CPU
		{F34071B6-58EC-46EA-BF29-0395747986FC}.Release|iPhone.Build.0 = Release|Any CPU
		{F34071B6-58EC-46EA-BF29-0395747986FC}.Release|iPhoneSimulator.ActiveCfg = Release|Any CPU
		{F34071B6-58EC-46EA-BF29-0395747986FC}.Release|iPhoneSimulator.Build.0 = Release|Any CPU
		{F34071B6-58EC-46EA-BF29-0395747986FC}.Release|iPhoneSimulator.Deploy.0 = Release|Any CPU
		{F34071B6-58EC-46EA-BF29-0395747986FC}.Release|x64.ActiveCfg = Release|Any CPU
		{F34071B6-58EC-46EA-BF29-0395747986FC}.Release|x64.Build.0 = Release|Any CPU
		{F34071B6-58EC-46EA-BF29-0395747986FC}.Release|x64.Deploy.0 = Release|Any CPU
		{F34071B6-58EC-46EA-BF29-0395747986FC}.Release|x86.ActiveCfg = Release|Any CPU
		{F34071B6-58EC-46EA-BF29-0395747986FC}.Release|x86.Build.0 = Release|Any CPU
		{F34071B6-58EC-46EA-BF29-0395747986FC}.Release|x86.Deploy.0 = Release|Any CPU

		{A5B8155A-118F-4794-B551-C6F3CF7E5411}.Debug|Any CPU.ActiveCfg = Debug|Any CPU
		{A5B8155A-118F-4794-B551-C6F3CF7E5411}.Debug|Any CPU.Build.0 = Debug|Any CPU
		{A5B8155A-118F-4794-B551-C6F3CF7E5411}.Debug|ARM.ActiveCfg = Debug|Any CPU
		{A5B8155A-118F-4794-B551-C6F3CF7E5411}.Debug|ARM.Build.0 = Debug|Any CPU
		{A5B8155A-118F-4794-B551-C6F3CF7E5411}.Debug|ARM64.ActiveCfg = Debug|Any CPU
		{A5B8155A-118F-4794-B551-C6F3CF7E5411}.Debug|ARM64.Build.0 = Debug|Any CPU
		{A5B8155A-118F-4794-B551-C6F3CF7E5411}.Debug|iPhone.ActiveCfg = Debug|Any CPU
		{A5B8155A-118F-4794-B551-C6F3CF7E5411}.Debug|iPhone.Build.0 = Debug|Any CPU
		{A5B8155A-118F-4794-B551-C6F3CF7E5411}.Debug|iPhoneSimulator.ActiveCfg = Debug|Any CPU
		{A5B8155A-118F-4794-B551-C6F3CF7E5411}.Debug|iPhoneSimulator.Build.0 = Debug|Any CPU
		{A5B8155A-118F-4794-B551-C6F3CF7E5411}.Debug|x64.ActiveCfg = Debug|Any CPU
		{A5B8155A-118F-4794-B551-C6F3CF7E5411}.Debug|x64.Build.0 = Debug|Any CPU
		{A5B8155A-118F-4794-B551-C6F3CF7E5411}.Debug|x86.ActiveCfg = Debug|Any CPU
		{A5B8155A-118F-4794-B551-C6F3CF7E5411}.Debug|x86.Build.0 = Debug|Any CPU
		{A5B8155A-118F-4794-B551-C6F3CF7E5411}.Release|Any CPU.ActiveCfg = Release|Any CPU
		{A5B8155A-118F-4794-B551-C6F3CF7E5411}.Release|Any CPU.Build.0 = Release|Any CPU
		{A5B8155A-118F-4794-B551-C6F3CF7E5411}.Release|ARM.ActiveCfg = Release|Any CPU
		{A5B8155A-118F-4794-B551-C6F3CF7E5411}.Release|ARM.Build.0 = Release|Any CPU
		{A5B8155A-118F-4794-B551-C6F3CF7E5411}.Release|ARM64.ActiveCfg = Release|Any CPU
		{A5B8155A-118F-4794-B551-C6F3CF7E5411}.Release|ARM64.Build.0 = Release|Any CPU
		{A5B8155A-118F-4794-B551-C6F3CF7E5411}.Release|iPhone.ActiveCfg = Release|Any CPU
		{A5B8155A-118F-4794-B551-C6F3CF7E5411}.Release|iPhone.Build.0 = Release|Any CPU
		{A5B8155A-118F-4794-B551-C6F3CF7E5411}.Release|iPhoneSimulator.ActiveCfg = Release|Any CPU
		{A5B8155A-118F-4794-B551-C6F3CF7E5411}.Release|iPhoneSimulator.Build.0 = Release|Any CPU
		{A5B8155A-118F-4794-B551-C6F3CF7E5411}.Release|x64.ActiveCfg = Release|Any CPU
		{A5B8155A-118F-4794-B551-C6F3CF7E5411}.Release|x64.Build.0 = Release|Any CPU
		{A5B8155A-118F-4794-B551-C6F3CF7E5411}.Release|x86.ActiveCfg = Release|Any CPU
		{A5B8155A-118F-4794-B551-C6F3CF7E5411}.Release|x86.Build.0 = Release|Any CPU
		{1AA13270-F438-4864-9435-54FD806E10EA}.Debug|Any CPU.ActiveCfg = Debug|x86
		{1AA13270-F438-4864-9435-54FD806E10EA}.Debug|Any CPU.Build.0 = Debug|x86
		{1AA13270-F438-4864-9435-54FD806E10EA}.Debug|ARM.ActiveCfg = Debug|Any CPU
		{1AA13270-F438-4864-9435-54FD806E10EA}.Debug|ARM.Build.0 = Debug|Any CPU
		{1AA13270-F438-4864-9435-54FD806E10EA}.Debug|ARM64.ActiveCfg = Debug|x86
		{1AA13270-F438-4864-9435-54FD806E10EA}.Debug|ARM64.Build.0 = Debug|x86
		{1AA13270-F438-4864-9435-54FD806E10EA}.Debug|iPhone.ActiveCfg = Debug|Any CPU
		{1AA13270-F438-4864-9435-54FD806E10EA}.Debug|iPhone.Build.0 = Debug|Any CPU
		{1AA13270-F438-4864-9435-54FD806E10EA}.Debug|iPhoneSimulator.ActiveCfg = Debug|Any CPU
		{1AA13270-F438-4864-9435-54FD806E10EA}.Debug|iPhoneSimulator.Build.0 = Debug|Any CPU
		{1AA13270-F438-4864-9435-54FD806E10EA}.Debug|x64.ActiveCfg = Debug|x86
		{1AA13270-F438-4864-9435-54FD806E10EA}.Debug|x64.Build.0 = Debug|x86
		{1AA13270-F438-4864-9435-54FD806E10EA}.Debug|x86.ActiveCfg = Debug|x86
		{1AA13270-F438-4864-9435-54FD806E10EA}.Debug|x86.Build.0 = Debug|x86
		{1AA13270-F438-4864-9435-54FD806E10EA}.Release|Any CPU.ActiveCfg = Release|Any CPU
		{1AA13270-F438-4864-9435-54FD806E10EA}.Release|Any CPU.Build.0 = Release|Any CPU
		{1AA13270-F438-4864-9435-54FD806E10EA}.Release|ARM.ActiveCfg = Release|Any CPU
		{1AA13270-F438-4864-9435-54FD806E10EA}.Release|ARM.Build.0 = Release|Any CPU
		{1AA13270-F438-4864-9435-54FD806E10EA}.Release|ARM64.ActiveCfg = Release|x86
		{1AA13270-F438-4864-9435-54FD806E10EA}.Release|ARM64.Build.0 = Release|x86
		{1AA13270-F438-4864-9435-54FD806E10EA}.Release|iPhone.ActiveCfg = Release|Any CPU
		{1AA13270-F438-4864-9435-54FD806E10EA}.Release|iPhone.Build.0 = Release|Any CPU
		{1AA13270-F438-4864-9435-54FD806E10EA}.Release|iPhoneSimulator.ActiveCfg = Release|Any CPU
		{1AA13270-F438-4864-9435-54FD806E10EA}.Release|iPhoneSimulator.Build.0 = Release|Any CPU
		{1AA13270-F438-4864-9435-54FD806E10EA}.Release|x64.ActiveCfg = Release|x86
		{1AA13270-F438-4864-9435-54FD806E10EA}.Release|x64.Build.0 = Release|x86
		{1AA13270-F438-4864-9435-54FD806E10EA}.Release|x86.ActiveCfg = Release|x86
		{1AA13270-F438-4864-9435-54FD806E10EA}.Release|x86.Build.0 = Release|x86

		{40EA03F7-8A22-4143-B251-79BAC3EB13D2}.Debug|Any CPU.ActiveCfg = Debug|Any CPU
		{40EA03F7-8A22-4143-B251-79BAC3EB13D2}.Debug|Any CPU.Build.0 = Debug|Any CPU
		{40EA03F7-8A22-4143-B251-79BAC3EB13D2}.Debug|ARM.ActiveCfg = Debug|Any CPU
		{40EA03F7-8A22-4143-B251-79BAC3EB13D2}.Debug|ARM.Build.0 = Debug|Any CPU
		{40EA03F7-8A22-4143-B251-79BAC3EB13D2}.Debug|ARM64.ActiveCfg = Debug|Any CPU
		{40EA03F7-8A22-4143-B251-79BAC3EB13D2}.Debug|ARM64.Build.0 = Debug|Any CPU
		{40EA03F7-8A22-4143-B251-79BAC3EB13D2}.Debug|iPhone.ActiveCfg = Debug|Any CPU
		{40EA03F7-8A22-4143-B251-79BAC3EB13D2}.Debug|iPhone.Build.0 = Debug|Any CPU
		{40EA03F7-8A22-4143-B251-79BAC3EB13D2}.Debug|iPhoneSimulator.ActiveCfg = Debug|Any CPU
		{40EA03F7-8A22-4143-B251-79BAC3EB13D2}.Debug|iPhoneSimulator.Build.0 = Debug|Any CPU
		{40EA03F7-8A22-4143-B251-79BAC3EB13D2}.Debug|x64.ActiveCfg = Debug|Any CPU
		{40EA03F7-8A22-4143-B251-79BAC3EB13D2}.Debug|x64.Build.0 = Debug|Any CPU
		{40EA03F7-8A22-4143-B251-79BAC3EB13D2}.Debug|x86.ActiveCfg = Debug|Any CPU
		{40EA03F7-8A22-4143-B251-79BAC3EB13D2}.Debug|x86.Build.0 = Debug|Any CPU
		{40EA03F7-8A22-4143-B251-79BAC3EB13D2}.Release|Any CPU.ActiveCfg = Release|Any CPU
		{40EA03F7-8A22-4143-B251-79BAC3EB13D2}.Release|Any CPU.Build.0 = Release|Any CPU
		{40EA03F7-8A22-4143-B251-79BAC3EB13D2}.Release|ARM.ActiveCfg = Release|Any CPU
		{40EA03F7-8A22-4143-B251-79BAC3EB13D2}.Release|ARM.Build.0 = Release|Any CPU
		{40EA03F7-8A22-4143-B251-79BAC3EB13D2}.Release|ARM64.ActiveCfg = Release|Any CPU
		{40EA03F7-8A22-4143-B251-79BAC3EB13D2}.Release|ARM64.Build.0 = Release|Any CPU
		{40EA03F7-8A22-4143-B251-79BAC3EB13D2}.Release|iPhone.ActiveCfg = Release|Any CPU
		{40EA03F7-8A22-4143-B251-79BAC3EB13D2}.Release|iPhone.Build.0 = Release|Any CPU
		{40EA03F7-8A22-4143-B251-79BAC3EB13D2}.Release|iPhoneSimulator.ActiveCfg = Release|Any CPU
		{40EA03F7-8A22-4143-B251-79BAC3EB13D2}.Release|iPhoneSimulator.Build.0 = Release|Any CPU
		{40EA03F7-8A22-4143-B251-79BAC3EB13D2}.Release|x64.ActiveCfg = Release|Any CPU
		{40EA03F7-8A22-4143-B251-79BAC3EB13D2}.Release|x64.Build.0 = Release|Any CPU
		{40EA03F7-8A22-4143-B251-79BAC3EB13D2}.Release|x86.ActiveCfg = Release|Any CPU
		{40EA03F7-8A22-4143-B251-79BAC3EB13D2}.Release|x86.Build.0 = Release|Any CPU

		{D69C6730-7BA9-413E-97D5-34E9CC055AA1}.Debug|Any CPU.ActiveCfg = Debug|iPhoneSimulator
		{D69C6730-7BA9-413E-97D5-34E9CC055AA1}.Debug|Any CPU.Build.0 = Debug|iPhoneSimulator
		{D69C6730-7BA9-413E-97D5-34E9CC055AA1}.Debug|ARM.ActiveCfg = Debug|iPhoneSimulator
		{D69C6730-7BA9-413E-97D5-34E9CC055AA1}.Debug|ARM64.ActiveCfg = Debug|iPhoneSimulator
		{D69C6730-7BA9-413E-97D5-34E9CC055AA1}.Debug|iPhone.ActiveCfg = Debug|iPhoneSimulator
		{D69C6730-7BA9-413E-97D5-34E9CC055AA1}.Debug|iPhone.Build.0 = Debug|iPhoneSimulator
		{D69C6730-7BA9-413E-97D5-34E9CC055AA1}.Debug|iPhoneSimulator.ActiveCfg = Debug|iPhoneSimulator
		{D69C6730-7BA9-413E-97D5-34E9CC055AA1}.Debug|iPhoneSimulator.Build.0 = Debug|iPhoneSimulator
		{D69C6730-7BA9-413E-97D5-34E9CC055AA1}.Debug|x64.ActiveCfg = Debug|iPhoneSimulator
		{D69C6730-7BA9-413E-97D5-34E9CC055AA1}.Debug|x64.Build.0 = Debug|iPhoneSimulator
		{D69C6730-7BA9-413E-97D5-34E9CC055AA1}.Debug|x86.ActiveCfg = Debug|iPhoneSimulator
		{D69C6730-7BA9-413E-97D5-34E9CC055AA1}.Debug|x86.Build.0 = Debug|iPhoneSimulator
		{D69C6730-7BA9-413E-97D5-34E9CC055AA1}.Release|Any CPU.ActiveCfg = Release|iPhoneSimulator
		{D69C6730-7BA9-413E-97D5-34E9CC055AA1}.Release|ARM.ActiveCfg = Release|iPhoneSimulator
		{D69C6730-7BA9-413E-97D5-34E9CC055AA1}.Release|ARM64.ActiveCfg = Release|iPhoneSimulator
		{D69C6730-7BA9-413E-97D5-34E9CC055AA1}.Release|iPhone.ActiveCfg = Release|iPhoneSimulator
		{D69C6730-7BA9-413E-97D5-34E9CC055AA1}.Release|iPhone.Build.0 = Release|iPhoneSimulator
		{D69C6730-7BA9-413E-97D5-34E9CC055AA1}.Release|iPhoneSimulator.ActiveCfg = Release|iPhoneSimulator
		{D69C6730-7BA9-413E-97D5-34E9CC055AA1}.Release|iPhoneSimulator.Build.0 = Release|iPhoneSimulator
		{D69C6730-7BA9-413E-97D5-34E9CC055AA1}.Release|x64.ActiveCfg = Release|iPhoneSimulator
		{D69C6730-7BA9-413E-97D5-34E9CC055AA1}.Release|x64.Build.0 = Release|iPhoneSimulator
		{D69C6730-7BA9-413E-97D5-34E9CC055AA1}.Release|x86.ActiveCfg = Release|iPhoneSimulator
		{D69C6730-7BA9-413E-97D5-34E9CC055AA1}.Release|x86.Build.0 = Release|iPhoneSimulator

		{04D3A50A-BD96-4168-A331-3AC5E63800DE}.Debug|Any CPU.ActiveCfg = Debug|arm64
		{04D3A50A-BD96-4168-A331-3AC5E63800DE}.Debug|Any CPU.Build.0 = Debug|arm64
		{04D3A50A-BD96-4168-A331-3AC5E63800DE}.Debug|ARM.ActiveCfg = Debug|Any CPU
		{04D3A50A-BD96-4168-A331-3AC5E63800DE}.Debug|ARM.Build.0 = Debug|Any CPU
		{04D3A50A-BD96-4168-A331-3AC5E63800DE}.Debug|ARM64.ActiveCfg = Debug|arm64
		{04D3A50A-BD96-4168-A331-3AC5E63800DE}.Debug|ARM64.Build.0 = Debug|arm64
		{04D3A50A-BD96-4168-A331-3AC5E63800DE}.Debug|iPhone.ActiveCfg = Debug|Any CPU
		{04D3A50A-BD96-4168-A331-3AC5E63800DE}.Debug|iPhone.Build.0 = Debug|Any CPU
		{04D3A50A-BD96-4168-A331-3AC5E63800DE}.Debug|iPhoneSimulator.ActiveCfg = Debug|Any CPU
		{04D3A50A-BD96-4168-A331-3AC5E63800DE}.Debug|iPhoneSimulator.Build.0 = Debug|Any CPU
		{04D3A50A-BD96-4168-A331-3AC5E63800DE}.Debug|x64.ActiveCfg = Debug|x64
		{04D3A50A-BD96-4168-A331-3AC5E63800DE}.Debug|x64.Build.0 = Debug|x64
		{04D3A50A-BD96-4168-A331-3AC5E63800DE}.Debug|x86.ActiveCfg = Debug|x86
		{04D3A50A-BD96-4168-A331-3AC5E63800DE}.Debug|x86.Build.0 = Debug|x86
		{04D3A50A-BD96-4168-A331-3AC5E63800DE}.Release|Any CPU.ActiveCfg = Release|Any CPU
		{04D3A50A-BD96-4168-A331-3AC5E63800DE}.Release|Any CPU.Build.0 = Release|Any CPU
		{04D3A50A-BD96-4168-A331-3AC5E63800DE}.Release|ARM.ActiveCfg = Release|Any CPU
		{04D3A50A-BD96-4168-A331-3AC5E63800DE}.Release|ARM.Build.0 = Release|Any CPU
		{04D3A50A-BD96-4168-A331-3AC5E63800DE}.Release|ARM64.ActiveCfg = Release|arm64
		{04D3A50A-BD96-4168-A331-3AC5E63800DE}.Release|ARM64.Build.0 = Release|arm64
		{04D3A50A-BD96-4168-A331-3AC5E63800DE}.Release|iPhone.ActiveCfg = Release|Any CPU
		{04D3A50A-BD96-4168-A331-3AC5E63800DE}.Release|iPhone.Build.0 = Release|Any CPU
		{04D3A50A-BD96-4168-A331-3AC5E63800DE}.Release|iPhoneSimulator.ActiveCfg = Release|Any CPU
		{04D3A50A-BD96-4168-A331-3AC5E63800DE}.Release|iPhoneSimulator.Build.0 = Release|Any CPU
		{04D3A50A-BD96-4168-A331-3AC5E63800DE}.Release|x64.ActiveCfg = Release|x64
		{04D3A50A-BD96-4168-A331-3AC5E63800DE}.Release|x64.Build.0 = Release|x64
		{04D3A50A-BD96-4168-A331-3AC5E63800DE}.Release|x86.ActiveCfg = Release|x86
		{04D3A50A-BD96-4168-A331-3AC5E63800DE}.Release|x86.Build.0 = Release|x86

		{761D821E-9905-4444-9ADF-76C995FE5427}.Debug|Any CPU.ActiveCfg = Debug|Any CPU
		{761D821E-9905-4444-9ADF-76C995FE5427}.Debug|Any CPU.Build.0 = Debug|Any CPU
		{761D821E-9905-4444-9ADF-76C995FE5427}.Debug|ARM.ActiveCfg = Debug|Any CPU
		{761D821E-9905-4444-9ADF-76C995FE5427}.Debug|ARM.Build.0 = Debug|Any CPU
		{761D821E-9905-4444-9ADF-76C995FE5427}.Debug|ARM64.ActiveCfg = Debug|Any CPU
		{761D821E-9905-4444-9ADF-76C995FE5427}.Debug|ARM64.Build.0 = Debug|Any CPU
		{761D821E-9905-4444-9ADF-76C995FE5427}.Debug|iPhone.ActiveCfg = Debug|Any CPU
		{761D821E-9905-4444-9ADF-76C995FE5427}.Debug|iPhone.Build.0 = Debug|Any CPU
		{761D821E-9905-4444-9ADF-76C995FE5427}.Debug|iPhoneSimulator.ActiveCfg = Debug|Any CPU
		{761D821E-9905-4444-9ADF-76C995FE5427}.Debug|iPhoneSimulator.Build.0 = Debug|Any CPU
		{761D821E-9905-4444-9ADF-76C995FE5427}.Debug|x64.ActiveCfg = Debug|Any CPU
		{761D821E-9905-4444-9ADF-76C995FE5427}.Debug|x64.Build.0 = Debug|Any CPU
		{761D821E-9905-4444-9ADF-76C995FE5427}.Debug|x86.ActiveCfg = Debug|Any CPU
		{761D821E-9905-4444-9ADF-76C995FE5427}.Debug|x86.Build.0 = Debug|Any CPU
		{761D821E-9905-4444-9ADF-76C995FE5427}.Release|Any CPU.ActiveCfg = Release|Any CPU
		{761D821E-9905-4444-9ADF-76C995FE5427}.Release|Any CPU.Build.0 = Release|Any CPU
		{761D821E-9905-4444-9ADF-76C995FE5427}.Release|ARM.ActiveCfg = Release|Any CPU
		{761D821E-9905-4444-9ADF-76C995FE5427}.Release|ARM.Build.0 = Release|Any CPU
		{761D821E-9905-4444-9ADF-76C995FE5427}.Release|ARM64.ActiveCfg = Release|Any CPU
		{761D821E-9905-4444-9ADF-76C995FE5427}.Release|ARM64.Build.0 = Release|Any CPU
		{761D821E-9905-4444-9ADF-76C995FE5427}.Release|iPhone.ActiveCfg = Release|Any CPU
		{761D821E-9905-4444-9ADF-76C995FE5427}.Release|iPhone.Build.0 = Release|Any CPU
		{761D821E-9905-4444-9ADF-76C995FE5427}.Release|iPhoneSimulator.ActiveCfg = Release|Any CPU
		{761D821E-9905-4444-9ADF-76C995FE5427}.Release|iPhoneSimulator.Build.0 = Release|Any CPU
		{761D821E-9905-4444-9ADF-76C995FE5427}.Release|x64.ActiveCfg = Release|Any CPU
		{761D821E-9905-4444-9ADF-76C995FE5427}.Release|x64.Build.0 = Release|Any CPU
		{761D821E-9905-4444-9ADF-76C995FE5427}.Release|x86.ActiveCfg = Release|Any CPU
		{761D821E-9905-4444-9ADF-76C995FE5427}.Release|x86.Build.0 = Release|Any CPU

	EndGlobalSection
	GlobalSection(SolutionProperties) = preSolution
		HideSolutionNode = FALSE
	EndGlobalSection
	GlobalSection(ExtensibilityGlobals) = postSolution
		SolutionGuid = {C7433AE2-B1A0-4C1A-887E-5CAA7AAF67A6}
	EndGlobalSection
EndGlobal
